
Microsoft Visual Studio Solution File, Format Version 12.00
# Visual Studio Version 17
VisualStudioVersion = 17.14.36327.8
MinimumVisualStudioVersion = 10.0.40219.1
Project("{2150E333-8FDC-42A3-9474-1A3956D46DE8}") = "Tests", "Tests", "{C8D5274F-AC00-46C7-1F8D-E88E81087A52}"
EndProject
Project("{2150E333-8FDC-42A3-9474-1A3956D46DE8}") = "Client", "Client", "{A5183D89-38AC-473A-A6CB-648C87C349B8}"
EndProject
Project("{2150E333-8FDC-42A3-9474-1A3956D46DE8}") = "Server", "Server", "{C1642E43-9696-44ED-B80F-A55976EDB057}"
EndProject
Project("{FAE04EC0-301F-11D3-BF4B-00C04F79EFBC}") = "GameTools.Contracts", "src\GameTools.Contracts\GameTools.Contracts.csproj", "{12C8D57A-59CB-A9C3-CD54-9612CD34F151}"
EndProject
Project("{FAE04EC0-301F-11D3-BF4B-00C04F79EFBC}") = "GameTools.Server.Api", "src\Server\GameTools.Server.Api\GameTools.Server.Api.csproj", "{1668335C-91BB-9F4D-1CF5-38D765192A1C}"
EndProject
Project("{FAE04EC0-301F-11D3-BF4B-00C04F79EFBC}") = "GameTools.Server.Application", "src\Server\GameTools.Server.Application\GameTools.Server.Application.csproj", "{CA9716BD-F541-5D71-5A32-DB620179E660}"
EndProject
Project("{FAE04EC0-301F-11D3-BF4B-00C04F79EFBC}") = "GameTools.Server.Domain", "src\Server\GameTools.Server.Domain\GameTools.Server.Domain.csproj", "{AE80CC8C-9A9B-2D95-EA94-1F30556AD77A}"
EndProject
Project("{FAE04EC0-301F-11D3-BF4B-00C04F79EFBC}") = "GameTools.Server.Infrastructure", "src\Server\GameTools.Server.Infrastructure\GameTools.Server.Infrastructure.csproj", "{B8FDBFE7-B1DC-9A4E-6A20-B34CD4A0B4F5}"
EndProject
Project("{FAE04EC0-301F-11D3-BF4B-00C04F79EFBC}") = "GameTools.Client.Application", "src\Client\GameTools.Client.Application\GameTools.Client.Application.csproj", "{B101675C-BA99-52AF-28A3-46C9BF1A5256}"
EndProject
Project("{FAE04EC0-301F-11D3-BF4B-00C04F79EFBC}") = "GameTools.Client.Console", "src\Client\GameTools.Client.Console\GameTools.Client.Console.csproj", "{CB4A9449-67AC-8667-FE2B-002D35827FA4}"
EndProject
Project("{FAE04EC0-301F-11D3-BF4B-00C04F79EFBC}") = "GameTools.Client.Domain", "src\Client\GameTools.Client.Domain\GameTools.Client.Domain.csproj", "{E26B0194-A191-B77E-57B6-D462BFDE572B}"
EndProject
Project("{FAE04EC0-301F-11D3-BF4B-00C04F79EFBC}") = "GameTools.Client.Infrastructure", "src\Client\GameTools.Client.Infrastructure\GameTools.Client.Infrastructure.csproj", "{13E49CD2-AB45-E8DC-11E8-2518531C9477}"
EndProject
Project("{FAE04EC0-301F-11D3-BF4B-00C04F79EFBC}") = "GameTools.Client.Wpf", "src\Client\GameTools.Client.Wpf\GameTools.Client.Wpf.csproj", "{2E6A3A8A-5052-8FA8-8993-D9C2B2CE30E6}"
EndProject
Project("{2150E333-8FDC-42A3-9474-1A3956D46DE8}") = "src", "src", "{1228DF98-9DFF-43D0-8B5B-610C4D91A290}"
EndProject
Project("{2150E333-8FDC-42A3-9474-1A3956D46DE8}") = "Server", "Server", "{C7DAB2CA-95C2-450B-8747-0C59023C0769}"
EndProject
Project("{2150E333-8FDC-42A3-9474-1A3956D46DE8}") = "Client", "Client", "{25A1E41F-1824-4509-8B20-034520204484}"
EndProject
Project("{FAE04EC0-301F-11D3-BF4B-00C04F79EFBC}") = "GameTools.Server.Domain.Tests", "tests\Server\GameTools.Server.Domain.Tests\GameTools.Server.Domain.Tests.csproj", "{F6AC884A-EF33-07CD-06B0-04197D76395E}"
EndProject
Project("{FAE04EC0-301F-11D3-BF4B-00C04F79EFBC}") = "GameTools.Server.Application.Tests", "tests\Server\GameTools.Server.Application.Tests\GameTools.Server.Application.Tests.csproj", "{D86720CB-6486-4326-8AF1-92463B603106}"
EndProject
Project("{FAE04EC0-301F-11D3-BF4B-00C04F79EFBC}") = "GameTools.Server.TestUtilities", "tests\Server\GameTools.Server.TestUtilities\GameTools.Server.TestUtilities.csproj", "{C61774BB-10A8-6E6B-CEF0-CEF11653AF4E}"
EndProject
Global
	GlobalSection(SolutionConfigurationPlatforms) = preSolution
		Debug|Any CPU = Debug|Any CPU
		Release|Any CPU = Release|Any CPU
	EndGlobalSection
	GlobalSection(ProjectConfigurationPlatforms) = postSolution
		{12C8D57A-59CB-A9C3-CD54-9612CD34F151}.Debug|Any CPU.ActiveCfg = Debug|Any CPU
		{12C8D57A-59CB-A9C3-CD54-9612CD34F151}.Debug|Any CPU.Build.0 = Debug|Any CPU
		{12C8D57A-59CB-A9C3-CD54-9612CD34F151}.Release|Any CPU.ActiveCfg = Release|Any CPU
		{12C8D57A-59CB-A9C3-CD54-9612CD34F151}.Release|Any CPU.Build.0 = Release|Any CPU
		{1668335C-91BB-9F4D-1CF5-38D765192A1C}.Debug|Any CPU.ActiveCfg = Debug|Any CPU
		{1668335C-91BB-9F4D-1CF5-38D765192A1C}.Debug|Any CPU.Build.0 = Debug|Any CPU
		{1668335C-91BB-9F4D-1CF5-38D765192A1C}.Release|Any CPU.ActiveCfg = Release|Any CPU
		{1668335C-91BB-9F4D-1CF5-38D765192A1C}.Release|Any CPU.Build.0 = Release|Any CPU
		{CA9716BD-F541-5D71-5A32-DB620179E660}.Debug|Any CPU.ActiveCfg = Debug|Any CPU
		{CA9716BD-F541-5D71-5A32-DB620179E660}.Debug|Any CPU.Build.0 = Debug|Any CPU
		{CA9716BD-F541-5D71-5A32-DB620179E660}.Release|Any CPU.ActiveCfg = Release|Any CPU
		{CA9716BD-F541-5D71-5A32-DB620179E660}.Release|Any CPU.Build.0 = Release|Any CPU
		{AE80CC8C-9A9B-2D95-EA94-1F30556AD77A}.Debug|Any CPU.ActiveCfg = Debug|Any CPU
		{AE80CC8C-9A9B-2D95-EA94-1F30556AD77A}.Debug|Any CPU.Build.0 = Debug|Any CPU
		{AE80CC8C-9A9B-2D95-EA94-1F30556AD77A}.Release|Any CPU.ActiveCfg = Release|Any CPU
		{AE80CC8C-9A9B-2D95-EA94-1F30556AD77A}.Release|Any CPU.Build.0 = Release|Any CPU
		{B8FDBFE7-B1DC-9A4E-6A20-B34CD4A0B4F5}.Debug|Any CPU.ActiveCfg = Debug|Any CPU
		{B8FDBFE7-B1DC-9A4E-6A20-B34CD4A0B4F5}.Debug|Any CPU.Build.0 = Debug|Any CPU
		{B8FDBFE7-B1DC-9A4E-6A20-B34CD4A0B4F5}.Release|Any CPU.ActiveCfg = Release|Any CPU
		{B8FDBFE7-B1DC-9A4E-6A20-B34CD4A0B4F5}.Release|Any CPU.Build.0 = Release|Any CPU
		{B101675C-BA99-52AF-28A3-46C9BF1A5256}.Debug|Any CPU.ActiveCfg = Debug|Any CPU
		{B101675C-BA99-52AF-28A3-46C9BF1A5256}.Debug|Any CPU.Build.0 = Debug|Any CPU
		{B101675C-BA99-52AF-28A3-46C9BF1A5256}.Release|Any CPU.ActiveCfg = Release|Any CPU
		{B101675C-BA99-52AF-28A3-46C9BF1A5256}.Release|Any CPU.Build.0 = Release|Any CPU
		{CB4A9449-67AC-8667-FE2B-002D35827FA4}.Debug|Any CPU.ActiveCfg = Debug|Any CPU
		{CB4A9449-67AC-8667-FE2B-002D35827FA4}.Debug|Any CPU.Build.0 = Debug|Any CPU
		{CB4A9449-67AC-8667-FE2B-002D35827FA4}.Release|Any CPU.ActiveCfg = Release|Any CPU
		{CB4A9449-67AC-8667-FE2B-002D35827FA4}.Release|Any CPU.Build.0 = Release|Any CPU
		{E26B0194-A191-B77E-57B6-D462BFDE572B}.Debug|Any CPU.ActiveCfg = Debug|Any CPU
		{E26B0194-A191-B77E-57B6-D462BFDE572B}.Debug|Any CPU.Build.0 = Debug|Any CPU
		{E26B0194-A191-B77E-57B6-D462BFDE572B}.Release|Any CPU.ActiveCfg = Release|Any CPU
		{E26B0194-A191-B77E-57B6-D462BFDE572B}.Release|Any CPU.Build.0 = Release|Any CPU
		{13E49CD2-AB45-E8DC-11E8-2518531C9477}.Debug|Any CPU.ActiveCfg = Debug|Any CPU
		{13E49CD2-AB45-E8DC-11E8-2518531C9477}.Debug|Any CPU.Build.0 = Debug|Any CPU
		{13E49CD2-AB45-E8DC-11E8-2518531C9477}.Release|Any CPU.ActiveCfg = Release|Any CPU
		{13E49CD2-AB45-E8DC-11E8-2518531C9477}.Release|Any CPU.Build.0 = Release|Any CPU
		{2E6A3A8A-5052-8FA8-8993-D9C2B2CE30E6}.Debug|Any CPU.ActiveCfg = Debug|Any CPU
		{2E6A3A8A-5052-8FA8-8993-D9C2B2CE30E6}.Debug|Any CPU.Build.0 = Debug|Any CPU
		{2E6A3A8A-5052-8FA8-8993-D9C2B2CE30E6}.Release|Any CPU.ActiveCfg = Release|Any CPU
		{2E6A3A8A-5052-8FA8-8993-D9C2B2CE30E6}.Release|Any CPU.Build.0 = Release|Any CPU
		{F6AC884A-EF33-07CD-06B0-04197D76395E}.Debug|Any CPU.ActiveCfg = Debug|Any CPU
		{F6AC884A-EF33-07CD-06B0-04197D76395E}.Debug|Any CPU.Build.0 = Debug|Any CPU
		{F6AC884A-EF33-07CD-06B0-04197D76395E}.Release|Any CPU.ActiveCfg = Release|Any CPU
		{F6AC884A-EF33-07CD-06B0-04197D76395E}.Release|Any CPU.Build.0 = Release|Any CPU
		{D86720CB-6486-4326-8AF1-92463B603106}.Debug|Any CPU.ActiveCfg = Debug|Any CPU
		{D86720CB-6486-4326-8AF1-92463B603106}.Debug|Any CPU.Build.0 = Debug|Any CPU
		{D86720CB-6486-4326-8AF1-92463B603106}.Release|Any CPU.ActiveCfg = Release|Any CPU
		{D86720CB-6486-4326-8AF1-92463B603106}.Release|Any CPU.Build.0 = Release|Any CPU
		{C61774BB-10A8-6E6B-CEF0-CEF11653AF4E}.Debug|Any CPU.ActiveCfg = Debug|Any CPU
		{C61774BB-10A8-6E6B-CEF0-CEF11653AF4E}.Debug|Any CPU.Build.0 = Debug|Any CPU
		{C61774BB-10A8-6E6B-CEF0-CEF11653AF4E}.Release|Any CPU.ActiveCfg = Release|Any CPU
		{C61774BB-10A8-6E6B-CEF0-CEF11653AF4E}.Release|Any CPU.Build.0 = Release|Any CPU
	EndGlobalSection
	GlobalSection(SolutionProperties) = preSolution
		HideSolutionNode = FALSE
	EndGlobalSection
	GlobalSection(NestedProjects) = preSolution
		{A5183D89-38AC-473A-A6CB-648C87C349B8} = {1228DF98-9DFF-43D0-8B5B-610C4D91A290}
		{C1642E43-9696-44ED-B80F-A55976EDB057} = {1228DF98-9DFF-43D0-8B5B-610C4D91A290}
		{1668335C-91BB-9F4D-1CF5-38D765192A1C} = {C1642E43-9696-44ED-B80F-A55976EDB057}
		{CA9716BD-F541-5D71-5A32-DB620179E660} = {C1642E43-9696-44ED-B80F-A55976EDB057}
		{AE80CC8C-9A9B-2D95-EA94-1F30556AD77A} = {C1642E43-9696-44ED-B80F-A55976EDB057}
		{B8FDBFE7-B1DC-9A4E-6A20-B34CD4A0B4F5} = {C1642E43-9696-44ED-B80F-A55976EDB057}
		{B101675C-BA99-52AF-28A3-46C9BF1A5256} = {A5183D89-38AC-473A-A6CB-648C87C349B8}
		{CB4A9449-67AC-8667-FE2B-002D35827FA4} = {A5183D89-38AC-473A-A6CB-648C87C349B8}
		{E26B0194-A191-B77E-57B6-D462BFDE572B} = {A5183D89-38AC-473A-A6CB-648C87C349B8}
		{13E49CD2-AB45-E8DC-11E8-2518531C9477} = {A5183D89-38AC-473A-A6CB-648C87C349B8}
		{2E6A3A8A-5052-8FA8-8993-D9C2B2CE30E6} = {A5183D89-38AC-473A-A6CB-648C87C349B8}
		{C7DAB2CA-95C2-450B-8747-0C59023C0769} = {C8D5274F-AC00-46C7-1F8D-E88E81087A52}
		{25A1E41F-1824-4509-8B20-034520204484} = {C8D5274F-AC00-46C7-1F8D-E88E81087A52}
		{F6AC884A-EF33-07CD-06B0-04197D76395E} = {C7DAB2CA-95C2-450B-8747-0C59023C0769}
		{D86720CB-6486-4326-8AF1-92463B603106} = {C7DAB2CA-95C2-450B-8747-0C59023C0769}
		{C61774BB-10A8-6E6B-CEF0-CEF11653AF4E} = {C7DAB2CA-95C2-450B-8747-0C59023C0769}
	EndGlobalSection
	GlobalSection(ExtensibilityGlobals) = postSolution
		SolutionGuid = {CD17BD98-BF71-4260-A218-434FCE0CB15E}
	EndGlobalSection
EndGlobal
